
Microsoft Visual Studio Solution File, Format Version 12.00
# Visual Studio Version 17
VisualStudioVersion = 17.9.34701.34
MinimumVisualStudioVersion = 10.0.40219.1
Project("{9A19103F-16F7-4668-BE54-9A1E7A4F7556}") = "Testing.Services", "Testing.Fundamentals\Testing.Services.csproj", "{D20C32A8-24F0-4565-843F-84FDE2BA0111}"
EndProject
Project("{9A19103F-16F7-4668-BE54-9A1E7A4F7556}") = "Testing.UnitTesting.NUnit", "Testing.UnitTest\Testing.UnitTesting.NUnit.csproj", "{52CCE290-E987-466B-B894-E24C5FAE2FAE}"
EndProject
Project("{2150E333-8FDC-42A3-9474-1A3956D46DE8}") = "Solution Items", "Solution Items", "{917D11E4-69BC-4254-B1DB-A720D360E044}"
	ProjectSection(SolutionItems) = preProject
		.editorconfig = .editorconfig
		README.md = README.md
	EndProjectSection
EndProject
Project("{9A19103F-16F7-4668-BE54-9A1E7A4F7556}") = "Customers.Api", "Customers.Api\Customers.Api.csproj", "{0FC3B843-1AD9-4ADD-A037-A988ECAA731F}"
EndProject
Project("{9A19103F-16F7-4668-BE54-9A1E7A4F7556}") = "Customers.Api.IntegrationTests", "Customers.Api.IntegrationTests\Customers.Api.IntegrationTests.csproj", "{2740736B-9CE3-4FD6-9C87-A429910F32A6}"
EndProject
Project("{9A19103F-16F7-4668-BE54-9A1E7A4F7556}") = "FakeApi", "FakeApi\FakeApi.csproj", "{8BDD8ACE-A0A0-4383-A871-64F51D047C3A}"
EndProject
Project("{FAE04EC0-301F-11D3-BF4B-00C04F79EFBC}") = "Testing.UITesting", "Testing.UITesting\Testing.UITesting.csproj", "{E58EE090-30DA-4858-B4D3-73D74C766C66}"
EndProject
Global
	GlobalSection(SolutionConfigurationPlatforms) = preSolution
		Debug|Any CPU = Debug|Any CPU
		Release|Any CPU = Release|Any CPU
	EndGlobalSection
	GlobalSection(ProjectConfigurationPlatforms) = postSolution
		{D20C32A8-24F0-4565-843F-84FDE2BA0111}.Debug|Any CPU.ActiveCfg = Debug|Any CPU
		{D20C32A8-24F0-4565-843F-84FDE2BA0111}.Debug|Any CPU.Build.0 = Debug|Any CPU
		{D20C32A8-24F0-4565-843F-84FDE2BA0111}.Release|Any CPU.ActiveCfg = Release|Any CPU
		{D20C32A8-24F0-4565-843F-84FDE2BA0111}.Release|Any CPU.Build.0 = Release|Any CPU
		{52CCE290-E987-466B-B894-E24C5FAE2FAE}.Debug|Any CPU.ActiveCfg = Debug|Any CPU
		{52CCE290-E987-466B-B894-E24C5FAE2FAE}.Debug|Any CPU.Build.0 = Debug|Any CPU
		{52CCE290-E987-466B-B894-E24C5FAE2FAE}.Release|Any CPU.ActiveCfg = Release|Any CPU
		{52CCE290-E987-466B-B894-E24C5FAE2FAE}.Release|Any CPU.Build.0 = Release|Any CPU
		{0FC3B843-1AD9-4ADD-A037-A988ECAA731F}.Debug|Any CPU.ActiveCfg = Debug|Any CPU
		{0FC3B843-1AD9-4ADD-A037-A988ECAA731F}.Debug|Any CPU.Build.0 = Debug|Any CPU
		{0FC3B843-1AD9-4ADD-A037-A988ECAA731F}.Release|Any CPU.ActiveCfg = Release|Any CPU
		{0FC3B843-1AD9-4ADD-A037-A988ECAA731F}.Release|Any CPU.Build.0 = Release|Any CPU
		{2740736B-9CE3-4FD6-9C87-A429910F32A6}.Debug|Any CPU.ActiveCfg = Debug|Any CPU
		{2740736B-9CE3-4FD6-9C87-A429910F32A6}.Debug|Any CPU.Build.0 = Debug|Any CPU
		{2740736B-9CE3-4FD6-9C87-A429910F32A6}.Release|Any CPU.ActiveCfg = Release|Any CPU
		{2740736B-9CE3-4FD6-9C87-A429910F32A6}.Release|Any CPU.Build.0 = Release|Any CPU
		{8BDD8ACE-A0A0-4383-A871-64F51D047C3A}.Debug|Any CPU.ActiveCfg = Debug|Any CPU
		{8BDD8ACE-A0A0-4383-A871-64F51D047C3A}.Debug|Any CPU.Build.0 = Debug|Any CPU
		{8BDD8ACE-A0A0-4383-A871-64F51D047C3A}.Release|Any CPU.ActiveCfg = Release|Any CPU
		{8BDD8ACE-A0A0-4383-A871-64F51D047C3A}.Release|Any CPU.Build.0 = Release|Any CPU
		{E58EE090-30DA-4858-B4D3-73D74C766C66}.Debug|Any CPU.ActiveCfg = Debug|Any CPU
		{E58EE090-30DA-4858-B4D3-73D74C766C66}.Debug|Any CPU.Build.0 = Debug|Any CPU
		{E58EE090-30DA-4858-B4D3-73D74C766C66}.Release|Any CPU.ActiveCfg = Release|Any CPU
		{E58EE090-30DA-4858-B4D3-73D74C766C66}.Release|Any CPU.Build.0 = Release|Any CPU
	EndGlobalSection
	GlobalSection(SolutionProperties) = preSolution
		HideSolutionNode = FALSE
	EndGlobalSection
	GlobalSection(ExtensibilityGlobals) = postSolution
		SolutionGuid = {62049F29-4277-47F9-88DC-0A8001F6856E}
	EndGlobalSection
EndGlobal
